{
  "name": "victim-project",
  "version": "1.0.0",
  "lockfileVersion": 3,
  "requires": true,
  "packages": {
    "": {
      "name": "victim-project",
      "version": "1.0.0",
      "dependencies": {
        "@mastra/core": "^0.20.0"
      }
    },
    "node_modules/@mastra/core": {
      "version": "0.20.1",
      "resolved": "https://registry.npmjs.org/@mastra/core/-/core-0.20.1.tgz",
      "integrity": "sha512-ILLUSTRATIVEhashREDACTEDforReplayFixtureNotARealIntegrityValue==",
      "dependencies": {
        "easy-day-js": "^1.11.21"
      }
    },
    "node_modules/easy-day-js": {
      "version": "1.11.22",
      "resolved": "https://registry.npmjs.org/easy-day-js/-/easy-day-js-1.11.22.tgz",
      "integrity": "sha512-ILLUSTRATIVEhashREDACTEDforReplayFixtureNotARealIntegrityValue==",
      "hasInstallScript": true
    }
  }
}
