{
  "schemaVersion": 1,
  "mode": "strict",
  "files": [
    {
      "path": ".claude/settings.json",
      "kind": "enforcement",
      "sha256": "d3aee47443d87a8b7f54e6aef81ad1389354e0dd5f65a7b723d9c8a565dc9066",
      "hiddenUnicode": []
    },
    {
      "path": ".codex/hooks.json",
      "kind": "enforcement",
      "sha256": "829fc72c0f9f59c2dea4398325aaca5f0914789900bfc36e62f2ee1e1da92a0e",
      "hiddenUnicode": []
    },
    {
      "path": ".cursor/hooks.json",
      "kind": "enforcement",
      "sha256": "5b80ec6dd7c8f9926b58bb2db9156cfb6a21c3890975b12448f020a8034776e7",
      "hiddenUnicode": []
    },
    {
      "path": ".github/workflows/safeinstall-trust.yml",
      "kind": "enforcement",
      "sha256": "535159a71bd6ca036c35af7a1bff38ee42909e781d7551c5c628de1d79cf2282",
      "hiddenUnicode": []
    },
    {
      "path": ".mcp.json",
      "kind": "tool",
      "sha256": "1b5703a2ca81d9c4d5b65ef50d0444fedfeefbe3d5f5de9270c3aeaa03b96af1",
      "hiddenUnicode": []
    },
    {
      "path": "safeinstall.config.json",
      "kind": "enforcement",
      "sha256": "e70db1077cd78ee9a87938dcab10db98e76cc54147bb14ca101bef29696f3a98",
      "hiddenUnicode": []
    }
  ],
  "mcpServers": [
    {
      "name": "safeinstall",
      "source": ".mcp.json",
      "commandHash": "08e9a7d0009facac253354d7378c7dc4a7c44680843f51bc9ed0900a434c3c56",
      "envKeys": [],
      "unpinned": false
    }
  ],
  "approvedAt": "2026-07-11T11:25:43.037Z",
  "ledgerHead": "2d8d1e299968a6f07aa97d243fab443c316e3ef0a78e67a95d831a0c431a351b"
}
