{
  "schemaVersion": 1,
  "mode": "strict",
  "files": [
    {
      "path": ".claude/settings.json",
      "kind": "enforcement",
      "sha256": "d3aee47443d87a8b7f54e6aef81ad1389354e0dd5f65a7b723d9c8a565dc9066",
      "hiddenUnicode": []
    },
    {
      "path": ".cursor/hooks.json",
      "kind": "enforcement",
      "sha256": "5b80ec6dd7c8f9926b58bb2db9156cfb6a21c3890975b12448f020a8034776e7",
      "hiddenUnicode": []
    },
    {
      "path": ".github/workflows/safeinstall-trust.yml",
      "kind": "enforcement",
      "sha256": "c35eb005870729a5f17b5dd09ff8d7be6847a0cfa324ae87791ebb4e37911b15",
      "hiddenUnicode": []
    },
    {
      "path": "safeinstall.config.json",
      "kind": "enforcement",
      "sha256": "e70db1077cd78ee9a87938dcab10db98e76cc54147bb14ca101bef29696f3a98",
      "hiddenUnicode": []
    }
  ],
  "mcpServers": [],
  "approvedAt": "2026-07-10T10:58:14.647Z",
  "ledgerHead": "ba6fb16567192269b42889c922968bc81ee8160b69767b65f58b3e4569e0d926"
}
