{
  "schemaVersion": 1,
  "mode": "strict",
  "files": [
    {
      "path": ".claude/settings.json",
      "kind": "enforcement",
      "sha256": "d3aee47443d87a8b7f54e6aef81ad1389354e0dd5f65a7b723d9c8a565dc9066",
      "hiddenUnicode": []
    },
    {
      "path": ".cursor/hooks.json",
      "kind": "enforcement",
      "sha256": "5b80ec6dd7c8f9926b58bb2db9156cfb6a21c3890975b12448f020a8034776e7",
      "hiddenUnicode": []
    },
    {
      "path": ".github/workflows/safeinstall-trust.yml",
      "kind": "enforcement",
      "sha256": "535159a71bd6ca036c35af7a1bff38ee42909e781d7551c5c628de1d79cf2282",
      "hiddenUnicode": []
    },
    {
      "path": "safeinstall.config.json",
      "kind": "enforcement",
      "sha256": "e70db1077cd78ee9a87938dcab10db98e76cc54147bb14ca101bef29696f3a98",
      "hiddenUnicode": []
    }
  ],
  "mcpServers": [],
  "approvedAt": "2026-07-10T18:10:42.476Z",
  "ledgerHead": "3bcfb6914e820fa77935d904dd8ca56358b9ab9d81c88a86593e161d9915f38d"
}
